
Microsoft Visual Studio Solution File, Format Version 12.00
# Visual Studio Version 16
VisualStudioVersion = 16.0.33130.400
MinimumVisualStudioVersion = 10.0.40219.1
Project("{FAE04EC0-301F-11D3-BF4B-00C04F79EFBC}") = "csharpassignments 7.1", "csharpassignments 7.1\csharpassignments 7.1.csproj", "{DA2A86A4-C18F-4B98-B18B-E011FA32B0F4}"
EndProject
Global
	GlobalSection(SolutionConfigurationPlatforms) = preSolution
		Debug|Any CPU = Debug|Any CPU
		Release|Any CPU = Release|Any CPU
	EndGlobalSection
	GlobalSection(ProjectConfigurationPlatforms) = postSolution
		{DA2A86A4-C18F-4B98-B18B-E011FA32B0F4}.Debug|Any CPU.ActiveCfg = Debug|Any CPU
		{DA2A86A4-C18F-4B98-B18B-E011FA32B0F4}.Debug|Any CPU.Build.0 = Debug|Any CPU
		{DA2A86A4-C18F-4B98-B18B-E011FA32B0F4}.Release|Any CPU.ActiveCfg = Release|Any CPU
		{DA2A86A4-C18F-4B98-B18B-E011FA32B0F4}.Release|Any CPU.Build.0 = Release|Any CPU
	EndGlobalSection
	GlobalSection(SolutionProperties) = preSolution
		HideSolutionNode = FALSE
	EndGlobalSection
	GlobalSection(ExtensibilityGlobals) = postSolution
		SolutionGuid = {2DD9F15F-C878-4D6A-8D12-15C317CF7063}
	EndGlobalSection
EndGlobal
